
Microsoft Visual Studio Solution File, Format Version 12.00
# Visual Studio Version 16
VisualStudioVersion = 16.0.30114.105
MinimumVisualStudioVersion = 10.0.40219.1
Project("{2150E333-8FDC-42A3-9474-1A3956D46DE8}") = "src", "src", "{EAA71F27-5460-4FD2-98FE-2E35379D71F9}"
EndProject
Project("{2150E333-8FDC-42A3-9474-1A3956D46DE8}") = "test", "test", "{D8476AA5-A19B-4BC7-AFFA-907A83F5D0AC}"
EndProject
Project("{2150E333-8FDC-42A3-9474-1A3956D46DE8}") = "samples", "samples", "{566841D1-2ECC-4BD3-BA60-C1E050DAFAC1}"
EndProject
Project("{9A19103F-16F7-4668-BE54-9A1E7A4F7556}") = "SampleAddIn", "samples\SimpleDataSource\SampleAddIn.csproj", "{6468B8DF-BF72-4A36-B311-64020EFD000F}"
EndProject
Project("{9A19103F-16F7-4668-BE54-9A1E7A4F7556}") = "SqlPlugin", "samples\SqlPlugin\SqlPlugin\SqlPlugin.csproj", "{0DD5BDB8-3C56-4B65-88B5-D90E791316E2}"
EndProject
Project("{9A19103F-16F7-4668-BE54-9A1E7A4F7556}") = "SqlPluginWithProcessingPipeline", "samples\SqlPlugin\SqlPluginWithProcessingPipeline\SqlPluginWithProcessingPipeline.csproj", "{27210F23-1BC3-4B49-8B7A-48FD87A4BB47}"
EndProject
Project("{9A19103F-16F7-4668-BE54-9A1E7A4F7556}") = "Microsoft.Performance.SDK", "src\Microsoft.Performance.SDK\Microsoft.Performance.SDK.csproj", "{8C859DE0-CEAD-455D-BFC8-332A9E81F2CE}"
EndProject
Project("{9A19103F-16F7-4668-BE54-9A1E7A4F7556}") = "Microsoft.Performance.SDK.Runtime", "src\Microsoft.Performance.SDK.Runtime\Microsoft.Performance.SDK.Runtime.csproj", "{DEB33786-6E82-459F-8C8A-204603F03DE4}"
EndProject
Project("{9A19103F-16F7-4668-BE54-9A1E7A4F7556}") = "Microsoft.Performance.SDK.Runtime.NetCoreApp", "src\Microsoft.Performance.SDK.Runtime.NetCoreApp\Microsoft.Performance.SDK.Runtime.NetCoreApp.csproj", "{810C913A-2105-44F4-BA14-CD36710266C3}"
EndProject
Project("{9A19103F-16F7-4668-BE54-9A1E7A4F7556}") = "Microsoft.Performance.Toolkit.Engine", "src\Microsoft.Performance.Toolkit.Engine\Microsoft.Performance.Toolkit.Engine.csproj", "{13AF0DDA-6959-4720-8DF4-E5025A289464}"
EndProject
Project("{9A19103F-16F7-4668-BE54-9A1E7A4F7556}") = "Microsoft.Performance.SDK.Runtime.NetCoreApp.Tests", "src\Microsoft.Performance.SDK.Runtime.NetCoreApp.Tests\Microsoft.Performance.SDK.Runtime.NetCoreApp.Tests.csproj", "{227D64BF-314B-4C41-8463-8D6F552A4035}"
EndProject
Project("{9A19103F-16F7-4668-BE54-9A1E7A4F7556}") = "Microsoft.Performance.SDK.Runtime.Tests", "src\Microsoft.Performance.SDK.Runtime.Tests\Microsoft.Performance.SDK.Runtime.Tests.csproj", "{D94929A5-9FC6-4696-9043-DE953E80E97A}"
EndProject
Project("{9A19103F-16F7-4668-BE54-9A1E7A4F7556}") = "Microsoft.Performance.SDK.Tests", "src\Microsoft.Performance.SDK.Tests\Microsoft.Performance.SDK.Tests.csproj", "{C4B6C976-DA9C-46AF-815A-6A6CE72D1555}"
EndProject
Project("{9A19103F-16F7-4668-BE54-9A1E7A4F7556}") = "Microsoft.Performance.Testing", "src\Microsoft.Performance.Testing\Microsoft.Performance.Testing.csproj", "{209044ED-2BE7-491D-8351-77F44B828FF8}"
EndProject
Project("{9A19103F-16F7-4668-BE54-9A1E7A4F7556}") = "Microsoft.Performance.Testing.SDK", "src\Microsoft.Performance.Testing.SDK\Microsoft.Performance.Testing.SDK.csproj", "{A88F0128-9C99-4F8E-90B8-AFFEF58FE460}"
EndProject
Project("{9A19103F-16F7-4668-BE54-9A1E7A4F7556}") = "Microsoft.Performance.Toolkit.Engine.Tests", "src\Microsoft.Performance.Toolkit.Engine.Tests\Microsoft.Performance.Toolkit.Engine.Tests.csproj", "{721E2871-29C9-4556-A068-822D835443BD}"
EndProject
Global
	GlobalSection(SolutionConfigurationPlatforms) = preSolution
		Debug|Any CPU = Debug|Any CPU
		Debug|x64 = Debug|x64
		Debug|x86 = Debug|x86
		Release|Any CPU = Release|Any CPU
		Release|x64 = Release|x64
		Release|x86 = Release|x86
	EndGlobalSection
	GlobalSection(ProjectConfigurationPlatforms) = postSolution
		{6468B8DF-BF72-4A36-B311-64020EFD000F}.Debug|Any CPU.ActiveCfg = Debug|Any CPU
		{6468B8DF-BF72-4A36-B311-64020EFD000F}.Debug|Any CPU.Build.0 = Debug|Any CPU
		{6468B8DF-BF72-4A36-B311-64020EFD000F}.Debug|x64.ActiveCfg = Debug|Any CPU
		{6468B8DF-BF72-4A36-B311-64020EFD000F}.Debug|x64.Build.0 = Debug|Any CPU
		{6468B8DF-BF72-4A36-B311-64020EFD000F}.Debug|x86.ActiveCfg = Debug|Any CPU
		{6468B8DF-BF72-4A36-B311-64020EFD000F}.Debug|x86.Build.0 = Debug|Any CPU
		{6468B8DF-BF72-4A36-B311-64020EFD000F}.Release|Any CPU.ActiveCfg = Release|Any CPU
		{6468B8DF-BF72-4A36-B311-64020EFD000F}.Release|Any CPU.Build.0 = Release|Any CPU
		{6468B8DF-BF72-4A36-B311-64020EFD000F}.Release|x64.ActiveCfg = Release|Any CPU
		{6468B8DF-BF72-4A36-B311-64020EFD000F}.Release|x64.Build.0 = Release|Any CPU
		{6468B8DF-BF72-4A36-B311-64020EFD000F}.Release|x86.ActiveCfg = Release|Any CPU
		{6468B8DF-BF72-4A36-B311-64020EFD000F}.Release|x86.Build.0 = Release|Any CPU
		{0DD5BDB8-3C56-4B65-88B5-D90E791316E2}.Debug|Any CPU.ActiveCfg = Debug|Any CPU
		{0DD5BDB8-3C56-4B65-88B5-D90E791316E2}.Debug|Any CPU.Build.0 = Debug|Any CPU
		{0DD5BDB8-3C56-4B65-88B5-D90E791316E2}.Debug|x64.ActiveCfg = Debug|Any CPU
		{0DD5BDB8-3C56-4B65-88B5-D90E791316E2}.Debug|x64.Build.0 = Debug|Any CPU
		{0DD5BDB8-3C56-4B65-88B5-D90E791316E2}.Debug|x86.ActiveCfg = Debug|Any CPU
		{0DD5BDB8-3C56-4B65-88B5-D90E791316E2}.Debug|x86.Build.0 = Debug|Any CPU
		{0DD5BDB8-3C56-4B65-88B5-D90E791316E2}.Release|Any CPU.ActiveCfg = Release|Any CPU
		{0DD5BDB8-3C56-4B65-88B5-D90E791316E2}.Release|Any CPU.Build.0 = Release|Any CPU
		{0DD5BDB8-3C56-4B65-88B5-D90E791316E2}.Release|x64.ActiveCfg = Release|Any CPU
		{0DD5BDB8-3C56-4B65-88B5-D90E791316E2}.Release|x64.Build.0 = Release|Any CPU
		{0DD5BDB8-3C56-4B65-88B5-D90E791316E2}.Release|x86.ActiveCfg = Release|Any CPU
		{0DD5BDB8-3C56-4B65-88B5-D90E791316E2}.Release|x86.Build.0 = Release|Any CPU
		{27210F23-1BC3-4B49-8B7A-48FD87A4BB47}.Debug|Any CPU.ActiveCfg = Debug|Any CPU
		{27210F23-1BC3-4B49-8B7A-48FD87A4BB47}.Debug|Any CPU.Build.0 = Debug|Any CPU
		{27210F23-1BC3-4B49-8B7A-48FD87A4BB47}.Debug|x64.ActiveCfg = Debug|Any CPU
		{27210F23-1BC3-4B49-8B7A-48FD87A4BB47}.Debug|x64.Build.0 = Debug|Any CPU
		{27210F23-1BC3-4B49-8B7A-48FD87A4BB47}.Debug|x86.ActiveCfg = Debug|Any CPU
		{27210F23-1BC3-4B49-8B7A-48FD87A4BB47}.Debug|x86.Build.0 = Debug|Any CPU
		{27210F23-1BC3-4B49-8B7A-48FD87A4BB47}.Release|Any CPU.ActiveCfg = Release|Any CPU
		{27210F23-1BC3-4B49-8B7A-48FD87A4BB47}.Release|Any CPU.Build.0 = Release|Any CPU
		{27210F23-1BC3-4B49-8B7A-48FD87A4BB47}.Release|x64.ActiveCfg = Release|Any CPU
		{27210F23-1BC3-4B49-8B7A-48FD87A4BB47}.Release|x64.Build.0 = Release|Any CPU
		{27210F23-1BC3-4B49-8B7A-48FD87A4BB47}.Release|x86.ActiveCfg = Release|Any CPU
		{27210F23-1BC3-4B49-8B7A-48FD87A4BB47}.Release|x86.Build.0 = Release|Any CPU
		{8C859DE0-CEAD-455D-BFC8-332A9E81F2CE}.Debug|Any CPU.ActiveCfg = Debug|Any CPU
		{8C859DE0-CEAD-455D-BFC8-332A9E81F2CE}.Debug|Any CPU.Build.0 = Debug|Any CPU
		{8C859DE0-CEAD-455D-BFC8-332A9E81F2CE}.Debug|x64.ActiveCfg = Debug|Any CPU
		{8C859DE0-CEAD-455D-BFC8-332A9E81F2CE}.Debug|x64.Build.0 = Debug|Any CPU
		{8C859DE0-CEAD-455D-BFC8-332A9E81F2CE}.Debug|x86.ActiveCfg = Debug|Any CPU
		{8C859DE0-CEAD-455D-BFC8-332A9E81F2CE}.Debug|x86.Build.0 = Debug|Any CPU
		{8C859DE0-CEAD-455D-BFC8-332A9E81F2CE}.Release|Any CPU.ActiveCfg = Release|Any CPU
		{8C859DE0-CEAD-455D-BFC8-332A9E81F2CE}.Release|Any CPU.Build.0 = Release|Any CPU
		{8C859DE0-CEAD-455D-BFC8-332A9E81F2CE}.Release|x64.ActiveCfg = Release|Any CPU
		{8C859DE0-CEAD-455D-BFC8-332A9E81F2CE}.Release|x64.Build.0 = Release|Any CPU
		{8C859DE0-CEAD-455D-BFC8-332A9E81F2CE}.Release|x86.ActiveCfg = Release|Any CPU
		{8C859DE0-CEAD-455D-BFC8-332A9E81F2CE}.Release|x86.Build.0 = Release|Any CPU
		{DEB33786-6E82-459F-8C8A-204603F03DE4}.Debug|Any CPU.ActiveCfg = Debug|Any CPU
		{DEB33786-6E82-459F-8C8A-204603F03DE4}.Debug|Any CPU.Build.0 = Debug|Any CPU
		{DEB33786-6E82-459F-8C8A-204603F03DE4}.Debug|x64.ActiveCfg = Debug|Any CPU
		{DEB33786-6E82-459F-8C8A-204603F03DE4}.Debug|x64.Build.0 = Debug|Any CPU
		{DEB33786-6E82-459F-8C8A-204603F03DE4}.Debug|x86.ActiveCfg = Debug|Any CPU
		{DEB33786-6E82-459F-8C8A-204603F03DE4}.Debug|x86.Build.0 = Debug|Any CPU
		{DEB33786-6E82-459F-8C8A-204603F03DE4}.Release|Any CPU.ActiveCfg = Release|Any CPU
		{DEB33786-6E82-459F-8C8A-204603F03DE4}.Release|Any CPU.Build.0 = Release|Any CPU
		{DEB33786-6E82-459F-8C8A-204603F03DE4}.Release|x64.ActiveCfg = Release|Any CPU
		{DEB33786-6E82-459F-8C8A-204603F03DE4}.Release|x64.Build.0 = Release|Any CPU
		{DEB33786-6E82-459F-8C8A-204603F03DE4}.Release|x86.ActiveCfg = Release|Any CPU
		{DEB33786-6E82-459F-8C8A-204603F03DE4}.Release|x86.Build.0 = Release|Any CPU
		{810C913A-2105-44F4-BA14-CD36710266C3}.Debug|Any CPU.ActiveCfg = Debug|Any CPU
		{810C913A-2105-44F4-BA14-CD36710266C3}.Debug|Any CPU.Build.0 = Debug|Any CPU
		{810C913A-2105-44F4-BA14-CD36710266C3}.Debug|x64.ActiveCfg = Debug|Any CPU
		{810C913A-2105-44F4-BA14-CD36710266C3}.Debug|x64.Build.0 = Debug|Any CPU
		{810C913A-2105-44F4-BA14-CD36710266C3}.Debug|x86.ActiveCfg = Debug|Any CPU
		{810C913A-2105-44F4-BA14-CD36710266C3}.Debug|x86.Build.0 = Debug|Any CPU
		{810C913A-2105-44F4-BA14-CD36710266C3}.Release|Any CPU.ActiveCfg = Release|Any CPU
		{810C913A-2105-44F4-BA14-CD36710266C3}.Release|Any CPU.Build.0 = Release|Any CPU
		{810C913A-2105-44F4-BA14-CD36710266C3}.Release|x64.ActiveCfg = Release|Any CPU
		{810C913A-2105-44F4-BA14-CD36710266C3}.Release|x64.Build.0 = Release|Any CPU
		{810C913A-2105-44F4-BA14-CD36710266C3}.Release|x86.ActiveCfg = Release|Any CPU
		{810C913A-2105-44F4-BA14-CD36710266C3}.Release|x86.Build.0 = Release|Any CPU
		{13AF0DDA-6959-4720-8DF4-E5025A289464}.Debug|Any CPU.ActiveCfg = Debug|Any CPU
		{13AF0DDA-6959-4720-8DF4-E5025A289464}.Debug|Any CPU.Build.0 = Debug|Any CPU
		{13AF0DDA-6959-4720-8DF4-E5025A289464}.Debug|x64.ActiveCfg = Debug|Any CPU
		{13AF0DDA-6959-4720-8DF4-E5025A289464}.Debug|x64.Build.0 = Debug|Any CPU
		{13AF0DDA-6959-4720-8DF4-E5025A289464}.Debug|x86.ActiveCfg = Debug|Any CPU
		{13AF0DDA-6959-4720-8DF4-E5025A289464}.Debug|x86.Build.0 = Debug|Any CPU
		{13AF0DDA-6959-4720-8DF4-E5025A289464}.Release|Any CPU.ActiveCfg = Release|Any CPU
		{13AF0DDA-6959-4720-8DF4-E5025A289464}.Release|Any CPU.Build.0 = Release|Any CPU
		{13AF0DDA-6959-4720-8DF4-E5025A289464}.Release|x64.ActiveCfg = Release|Any CPU
		{13AF0DDA-6959-4720-8DF4-E5025A289464}.Release|x64.Build.0 = Release|Any CPU
		{13AF0DDA-6959-4720-8DF4-E5025A289464}.Release|x86.ActiveCfg = Release|Any CPU
		{13AF0DDA-6959-4720-8DF4-E5025A289464}.Release|x86.Build.0 = Release|Any CPU
		{227D64BF-314B-4C41-8463-8D6F552A4035}.Debug|Any CPU.ActiveCfg = Debug|Any CPU
		{227D64BF-314B-4C41-8463-8D6F552A4035}.Debug|Any CPU.Build.0 = Debug|Any CPU
		{227D64BF-314B-4C41-8463-8D6F552A4035}.Debug|x64.ActiveCfg = Debug|Any CPU
		{227D64BF-314B-4C41-8463-8D6F552A4035}.Debug|x64.Build.0 = Debug|Any CPU
		{227D64BF-314B-4C41-8463-8D6F552A4035}.Debug|x86.ActiveCfg = Debug|Any CPU
		{227D64BF-314B-4C41-8463-8D6F552A4035}.Debug|x86.Build.0 = Debug|Any CPU
		{227D64BF-314B-4C41-8463-8D6F552A4035}.Release|Any CPU.ActiveCfg = Release|Any CPU
		{227D64BF-314B-4C41-8463-8D6F552A4035}.Release|Any CPU.Build.0 = Release|Any CPU
		{227D64BF-314B-4C41-8463-8D6F552A4035}.Release|x64.ActiveCfg = Release|Any CPU
		{227D64BF-314B-4C41-8463-8D6F552A4035}.Release|x64.Build.0 = Release|Any CPU
		{227D64BF-314B-4C41-8463-8D6F552A4035}.Release|x86.ActiveCfg = Release|Any CPU
		{227D64BF-314B-4C41-8463-8D6F552A4035}.Release|x86.Build.0 = Release|Any CPU
		{D94929A5-9FC6-4696-9043-DE953E80E97A}.Debug|Any CPU.ActiveCfg = Debug|Any CPU
		{D94929A5-9FC6-4696-9043-DE953E80E97A}.Debug|Any CPU.Build.0 = Debug|Any CPU
		{D94929A5-9FC6-4696-9043-DE953E80E97A}.Debug|x64.ActiveCfg = Debug|Any CPU
		{D94929A5-9FC6-4696-9043-DE953E80E97A}.Debug|x64.Build.0 = Debug|Any CPU
		{D94929A5-9FC6-4696-9043-DE953E80E97A}.Debug|x86.ActiveCfg = Debug|Any CPU
		{D94929A5-9FC6-4696-9043-DE953E80E97A}.Debug|x86.Build.0 = Debug|Any CPU
		{D94929A5-9FC6-4696-9043-DE953E80E97A}.Release|Any CPU.ActiveCfg = Release|Any CPU
		{D94929A5-9FC6-4696-9043-DE953E80E97A}.Release|Any CPU.Build.0 = Release|Any CPU
		{D94929A5-9FC6-4696-9043-DE953E80E97A}.Release|x64.ActiveCfg = Release|Any CPU
		{D94929A5-9FC6-4696-9043-DE953E80E97A}.Release|x64.Build.0 = Release|Any CPU
		{D94929A5-9FC6-4696-9043-DE953E80E97A}.Release|x86.ActiveCfg = Release|Any CPU
		{D94929A5-9FC6-4696-9043-DE953E80E97A}.Release|x86.Build.0 = Release|Any CPU
		{C4B6C976-DA9C-46AF-815A-6A6CE72D1555}.Debug|Any CPU.ActiveCfg = Debug|Any CPU
		{C4B6C976-DA9C-46AF-815A-6A6CE72D1555}.Debug|Any CPU.Build.0 = Debug|Any CPU
		{C4B6C976-DA9C-46AF-815A-6A6CE72D1555}.Debug|x64.ActiveCfg = Debug|Any CPU
		{C4B6C976-DA9C-46AF-815A-6A6CE72D1555}.Debug|x64.Build.0 = Debug|Any CPU
		{C4B6C976-DA9C-46AF-815A-6A6CE72D1555}.Debug|x86.ActiveCfg = Debug|Any CPU
		{C4B6C976-DA9C-46AF-815A-6A6CE72D1555}.Debug|x86.Build.0 = Debug|Any CPU
		{C4B6C976-DA9C-46AF-815A-6A6CE72D1555}.Release|Any CPU.ActiveCfg = Release|Any CPU
		{C4B6C976-DA9C-46AF-815A-6A6CE72D1555}.Release|Any CPU.Build.0 = Release|Any CPU
		{C4B6C976-DA9C-46AF-815A-6A6CE72D1555}.Release|x64.ActiveCfg = Release|Any CPU
		{C4B6C976-DA9C-46AF-815A-6A6CE72D1555}.Release|x64.Build.0 = Release|Any CPU
		{C4B6C976-DA9C-46AF-815A-6A6CE72D1555}.Release|x86.ActiveCfg = Release|Any CPU
		{C4B6C976-DA9C-46AF-815A-6A6CE72D1555}.Release|x86.Build.0 = Release|Any CPU
		{209044ED-2BE7-491D-8351-77F44B828FF8}.Debug|Any CPU.ActiveCfg = Debug|Any CPU
		{209044ED-2BE7-491D-8351-77F44B828FF8}.Debug|Any CPU.Build.0 = Debug|Any CPU
		{209044ED-2BE7-491D-8351-77F44B828FF8}.Debug|x64.ActiveCfg = Debug|Any CPU
		{209044ED-2BE7-491D-8351-77F44B828FF8}.Debug|x64.Build.0 = Debug|Any CPU
		{209044ED-2BE7-491D-8351-77F44B828FF8}.Debug|x86.ActiveCfg = Debug|Any CPU
		{209044ED-2BE7-491D-8351-77F44B828FF8}.Debug|x86.Build.0 = Debug|Any CPU
		{209044ED-2BE7-491D-8351-77F44B828FF8}.Release|Any CPU.ActiveCfg = Release|Any CPU
		{209044ED-2BE7-491D-8351-77F44B828FF8}.Release|Any CPU.Build.0 = Release|Any CPU
		{209044ED-2BE7-491D-8351-77F44B828FF8}.Release|x64.ActiveCfg = Release|Any CPU
		{209044ED-2BE7-491D-8351-77F44B828FF8}.Release|x64.Build.0 = Release|Any CPU
		{209044ED-2BE7-491D-8351-77F44B828FF8}.Release|x86.ActiveCfg = Release|Any CPU
		{209044ED-2BE7-491D-8351-77F44B828FF8}.Release|x86.Build.0 = Release|Any CPU
		{A88F0128-9C99-4F8E-90B8-AFFEF58FE460}.Debug|Any CPU.ActiveCfg = Debug|Any CPU
		{A88F0128-9C99-4F8E-90B8-AFFEF58FE460}.Debug|Any CPU.Build.0 = Debug|Any CPU
		{A88F0128-9C99-4F8E-90B8-AFFEF58FE460}.Debug|x64.ActiveCfg = Debug|Any CPU
		{A88F0128-9C99-4F8E-90B8-AFFEF58FE460}.Debug|x64.Build.0 = Debug|Any CPU
		{A88F0128-9C99-4F8E-90B8-AFFEF58FE460}.Debug|x86.ActiveCfg = Debug|Any CPU
		{A88F0128-9C99-4F8E-90B8-AFFEF58FE460}.Debug|x86.Build.0 = Debug|Any CPU
		{A88F0128-9C99-4F8E-90B8-AFFEF58FE460}.Release|Any CPU.ActiveCfg = Release|Any CPU
		{A88F0128-9C99-4F8E-90B8-AFFEF58FE460}.Release|Any CPU.Build.0 = Release|Any CPU
		{A88F0128-9C99-4F8E-90B8-AFFEF58FE460}.Release|x64.ActiveCfg = Release|Any CPU
		{A88F0128-9C99-4F8E-90B8-AFFEF58FE460}.Release|x64.Build.0 = Release|Any CPU
		{A88F0128-9C99-4F8E-90B8-AFFEF58FE460}.Release|x86.ActiveCfg = Release|Any CPU
		{A88F0128-9C99-4F8E-90B8-AFFEF58FE460}.Release|x86.Build.0 = Release|Any CPU
		{721E2871-29C9-4556-A068-822D835443BD}.Debug|Any CPU.ActiveCfg = Debug|Any CPU
		{721E2871-29C9-4556-A068-822D835443BD}.Debug|Any CPU.Build.0 = Debug|Any CPU
		{721E2871-29C9-4556-A068-822D835443BD}.Debug|x64.ActiveCfg = Debug|Any CPU
		{721E2871-29C9-4556-A068-822D835443BD}.Debug|x64.Build.0 = Debug|Any CPU
		{721E2871-29C9-4556-A068-822D835443BD}.Debug|x86.ActiveCfg = Debug|Any CPU
		{721E2871-29C9-4556-A068-822D835443BD}.Debug|x86.Build.0 = Debug|Any CPU
		{721E2871-29C9-4556-A068-822D835443BD}.Release|Any CPU.ActiveCfg = Release|Any CPU
		{721E2871-29C9-4556-A068-822D835443BD}.Release|Any CPU.Build.0 = Release|Any CPU
		{721E2871-29C9-4556-A068-822D835443BD}.Release|x64.ActiveCfg = Release|Any CPU
		{721E2871-29C9-4556-A068-822D835443BD}.Release|x64.Build.0 = Release|Any CPU
		{721E2871-29C9-4556-A068-822D835443BD}.Release|x86.ActiveCfg = Release|Any CPU
		{721E2871-29C9-4556-A068-822D835443BD}.Release|x86.Build.0 = Release|Any CPU
	EndGlobalSection
	GlobalSection(SolutionProperties) = preSolution
		HideSolutionNode = FALSE
	EndGlobalSection
	GlobalSection(NestedProjects) = preSolution
		{6468B8DF-BF72-4A36-B311-64020EFD000F} = {566841D1-2ECC-4BD3-BA60-C1E050DAFAC1}
		{0DD5BDB8-3C56-4B65-88B5-D90E791316E2} = {566841D1-2ECC-4BD3-BA60-C1E050DAFAC1}
		{27210F23-1BC3-4B49-8B7A-48FD87A4BB47} = {566841D1-2ECC-4BD3-BA60-C1E050DAFAC1}
		{8C859DE0-CEAD-455D-BFC8-332A9E81F2CE} = {EAA71F27-5460-4FD2-98FE-2E35379D71F9}
		{DEB33786-6E82-459F-8C8A-204603F03DE4} = {EAA71F27-5460-4FD2-98FE-2E35379D71F9}
		{810C913A-2105-44F4-BA14-CD36710266C3} = {EAA71F27-5460-4FD2-98FE-2E35379D71F9}
		{13AF0DDA-6959-4720-8DF4-E5025A289464} = {EAA71F27-5460-4FD2-98FE-2E35379D71F9}
		{227D64BF-314B-4C41-8463-8D6F552A4035} = {D8476AA5-A19B-4BC7-AFFA-907A83F5D0AC}
		{D94929A5-9FC6-4696-9043-DE953E80E97A} = {D8476AA5-A19B-4BC7-AFFA-907A83F5D0AC}
		{C4B6C976-DA9C-46AF-815A-6A6CE72D1555} = {D8476AA5-A19B-4BC7-AFFA-907A83F5D0AC}
		{209044ED-2BE7-491D-8351-77F44B828FF8} = {D8476AA5-A19B-4BC7-AFFA-907A83F5D0AC}
		{A88F0128-9C99-4F8E-90B8-AFFEF58FE460} = {D8476AA5-A19B-4BC7-AFFA-907A83F5D0AC}
		{721E2871-29C9-4556-A068-822D835443BD} = {D8476AA5-A19B-4BC7-AFFA-907A83F5D0AC}
	EndGlobalSection
	GlobalSection(ExtensibilityGlobals) = postSolution
		SolutionGuid = {F06541A3-5010-4724-98F2-D60C05D7C6FA}
	EndGlobalSection
EndGlobal
